
Microsoft Visual Studio Solution File, Format Version 12.00
# Visual Studio Version 17
VisualStudioVersion = 17.2.32519.379
MinimumVisualStudioVersion = 10.0.40219.1
Project("{9A19103F-16F7-4668-BE54-9A1E7A4F7556}") = "NeptuneRunner", "NeptuneRunner\NeptuneRunner.csproj", "{C56BEDAA-A1B2-4085-A634-AD12C7221E9F}"
EndProject
Project("{FAE04EC0-301F-11D3-BF4B-00C04F79EFBC}") = "Notifier", "..\NeptuneNotifier\Notifier\Notifier.csproj", "{0C0E16CC-9AD4-4792-89FE-AE9563FD165E}"
EndProject
Global
	GlobalSection(SolutionConfigurationPlatforms) = preSolution
		Debug|Any CPU = Debug|Any CPU
		Debug|x86 = Debug|x86
		Release|Any CPU = Release|Any CPU
		Release|x86 = Release|x86
	EndGlobalSection
	GlobalSection(ProjectConfigurationPlatforms) = postSolution
		{C56BEDAA-A1B2-4085-A634-AD12C7221E9F}.Debug|Any CPU.ActiveCfg = Debug|Any CPU
		{C56BEDAA-A1B2-4085-A634-AD12C7221E9F}.Debug|Any CPU.Build.0 = Debug|Any CPU
		{C56BEDAA-A1B2-4085-A634-AD12C7221E9F}.Debug|x86.ActiveCfg = Debug|x86
		{C56BEDAA-A1B2-4085-A634-AD12C7221E9F}.Debug|x86.Build.0 = Debug|x86
		{C56BEDAA-A1B2-4085-A634-AD12C7221E9F}.Release|Any CPU.ActiveCfg = Release|Any CPU
		{C56BEDAA-A1B2-4085-A634-AD12C7221E9F}.Release|Any CPU.Build.0 = Release|Any CPU
		{C56BEDAA-A1B2-4085-A634-AD12C7221E9F}.Release|x86.ActiveCfg = Release|x86
		{C56BEDAA-A1B2-4085-A634-AD12C7221E9F}.Release|x86.Build.0 = Release|x86
		{0C0E16CC-9AD4-4792-89FE-AE9563FD165E}.Debug|Any CPU.ActiveCfg = Debug|Any CPU
		{0C0E16CC-9AD4-4792-89FE-AE9563FD165E}.Debug|Any CPU.Build.0 = Debug|Any CPU
		{0C0E16CC-9AD4-4792-89FE-AE9563FD165E}.Debug|x86.ActiveCfg = Debug|x86
		{0C0E16CC-9AD4-4792-89FE-AE9563FD165E}.Debug|x86.Build.0 = Debug|x86
		{0C0E16CC-9AD4-4792-89FE-AE9563FD165E}.Release|Any CPU.ActiveCfg = Release|Any CPU
		{0C0E16CC-9AD4-4792-89FE-AE9563FD165E}.Release|Any CPU.Build.0 = Release|Any CPU
		{0C0E16CC-9AD4-4792-89FE-AE9563FD165E}.Release|x86.ActiveCfg = Release|x86
		{0C0E16CC-9AD4-4792-89FE-AE9563FD165E}.Release|x86.Build.0 = Release|x86
	EndGlobalSection
	GlobalSection(SolutionProperties) = preSolution
		HideSolutionNode = FALSE
	EndGlobalSection
	GlobalSection(ExtensibilityGlobals) = postSolution
		SolutionGuid = {F8E181AC-DC71-40C1-AEE9-35B38AA271D5}
	EndGlobalSection
EndGlobal
